github.com/mozilla-services/pkcs7 v0.0.0-20181213175627-3cffc6fbfe83 h1:FW1J7CW+TKVQBA2UyoctoYsVXJB2VqrFvHGn7hT8PoE=
github.com/mozilla-services/pkcs7 v0.0.0-20181213175627-3cffc6fbfe83/go.mod h1:6QGmIL+cu5Oqi6IAREwiDuwNbk0dbupiOghMk7YjglM=
golang.org/x/xerrors v0.0.0-20191011141410-1b5146add898 h1:/atklqdjdhuosWIl6AIbOeHJjicWYPqR9bpxqxYG2pA=
golang.org/x/xerrors v0.0.0-20191011141410-1b5146add898/go.mod h1:I/5z698sn9Ka8TeJc9MKroUUfqBBauWjQqLJ2OPfmY0=
